// !$*UTF8*$!
{
	archiveVersion = 1;
	classes = {
	};
	objectVersion = 56;
	objects = {

/* Begin PBXBuildFile section */
		1F954FE72A8C7783004A1360 /* CellCustom.swift in Sources */ = {isa = PBXBuildFile; fileRef = 1F954FE62A8C7783004A1360 /* CellCustom.swift */; };
		63A531BD2A89E4D1001DFF71 /* AppDelegate.swift in Sources */ = {isa = PBXBuildFile; fileRef = 63A531BC2A89E4D1001DFF71 /* AppDelegate.swift */; };
		63A531BF2A89E4D1001DFF71 /* SceneDelegate.swift in Sources */ = {isa = PBXBuildFile; fileRef = 63A531BE2A89E4D1001DFF71 /* SceneDelegate.swift */; };
		63A531C12A89E4D1001DFF71 /* ViewController.swift in Sources */ = {isa = PBXBuildFile; fileRef = 63A531C02A89E4D1001DFF71 /* ViewController.swift */; };
		63A531C42A89E4D1001DFF71 /* Main.storyboard in Resources */ = {isa = PBXBuildFile; fileRef = 63A531C22A89E4D1001DFF71 /* Main.storyboard */; };
		63A531C62A89E4D2001DFF71 /* Assets.xcassets in Resources */ = {isa = PBXBuildFile; fileRef = 63A531C52A89E4D2001DFF71 /* Assets.xcassets */; };
		63A531C92A89E4D2001DFF71 /* LaunchScreen.storyboard in Resources */ = {isa = PBXBuildFile; fileRef = 63A531C72A89E4D2001DFF71 /* LaunchScreen.storyboard */; };
		967FD09C2A8FA5FC0017BC3F /* UIcolor+CALayer.swift in Sources */ = {isa = PBXBuildFile; fileRef = 967FD09B2A8FA5FC0017BC3F /* UIcolor+CALayer.swift */; };
		96E73D552A8CB64200901756 /* WritingViewController.swift in Sources */ = {isa = PBXBuildFile; fileRef = 96E73D532A8CB64200901756 /* WritingViewController.swift */; };
		BD5C76162A91FEBF00E37B85 /* DetailPopUp.swift in Sources */ = {isa = PBXBuildFile; fileRef = BD5C76152A91FEBF00E37B85 /* DetailPopUp.swift */; };
		BD87235D2A9226D40077F9AA /* Error.swift in Sources */ = {isa = PBXBuildFile; fileRef = BD87235C2A9226D40077F9AA /* Error.swift */; };
		BDFDE0702A91EEAB006D0A52 /* Extension.swift in Sources */ = {isa = PBXBuildFile; fileRef = BDFDE06F2A91EEAB006D0A52 /* Extension.swift */; };
		C069E5A42A8C6B47001C11A8 /* MyDiaryTableViewCell.swift in Sources */ = {isa = PBXBuildFile; fileRef = C069E5A32A8C6B47001C11A8 /* MyDiaryTableViewCell.swift */; };
		C069E5E32A8CE4A4001C11A8 /* NavigationTapbar_top.swift in Sources */ = {isa = PBXBuildFile; fileRef = C069E5E22A8CE4A4001C11A8 /* NavigationTapbar_top.swift */; };
		DC78819A2A8A062600FAFBD8 /* DetailViewController.swift in Sources */ = {isa = PBXBuildFile; fileRef = DC7881992A8A062600FAFBD8 /* DetailViewController.swift */; };
		DC78819C2A8A064100FAFBD8 /* MainPageViewController.swift in Sources */ = {isa = PBXBuildFile; fileRef = DC78819B2A8A064100FAFBD8 /* MainPageViewController.swift */; };
		DC7881A02A8A06AA00FAFBD8 /* EditProfileViewController.swift in Sources */ = {isa = PBXBuildFile; fileRef = DC78819F2A8A06AA00FAFBD8 /* EditProfileViewController.swift */; };
		DCD318D02A8F126C00964631 /* ProfileViewController.swift in Sources */ = {isa = PBXBuildFile; fileRef = DCD318CF2A8F126C00964631 /* ProfileViewController.swift */; };
		DCD579132A8E535D005B3001 /* Data.swift in Sources */ = {isa = PBXBuildFile; fileRef = DCD579122A8E535D005B3001 /* Data.swift */; };
/* End PBXBuildFile section */

/* Begin PBXFileReference section */
		1F954FE62A8C7783004A1360 /* CellCustom.swift */ = {isa = PBXFileReference; lastKnownFileType = sourcecode.swift; path = CellCustom.swift; sourceTree = "<group>"; };
		63A531B92A89E4D1001DFF71 /* nagaGrinGirinGrim.app */ = {isa = PBXFileReference; explicitFileType = wrapper.application; includeInIndex = 0; path = nagaGrinGirinGrim.app; sourceTree = BUILT_PRODUCTS_DIR; };
		63A531BC2A89E4D1001DFF71 /* AppDelegate.swift */ = {isa = PBXFileReference; lastKnownFileType = sourcecode.swift; path = AppDelegate.swift; sourceTree = "<group>"; };
		63A531BE2A89E4D1001DFF71 /* SceneDelegate.swift */ = {isa = PBXFileReference; lastKnownFileType = sourcecode.swift; path = SceneDelegate.swift; sourceTree = "<group>"; };
		63A531C02A89E4D1001DFF71 /* ViewController.swift */ = {isa = PBXFileReference; lastKnownFileType = sourcecode.swift; path = ViewController.swift; sourceTree = "<group>"; };
		63A531C32A89E4D1001DFF71 /* Base */ = {isa = PBXFileReference; lastKnownFileType = file.storyboard; name = Base; path = Base.lproj/Main.storyboard; sourceTree = "<group>"; };
		63A531C52A89E4D2001DFF71 /* Assets.xcassets */ = {isa = PBXFileReference; lastKnownFileType = folder.assetcatalog; path = Assets.xcassets; sourceTree = "<group>"; };
		63A531C82A89E4D2001DFF71 /* Base */ = {isa = PBXFileReference; lastKnownFileType = file.storyboard; name = Base; path = Base.lproj/LaunchScreen.storyboard; sourceTree = "<group>"; };
		63A531CA2A89E4D2001DFF71 /* Info.plist */ = {isa = PBXFileReference; lastKnownFileType = text.plist.xml; path = Info.plist; sourceTree = "<group>"; };
		967FD09B2A8FA5FC0017BC3F /* UIcolor+CALayer.swift */ = {isa = PBXFileReference; fileEncoding = 4; lastKnownFileType = sourcecode.swift; path = "UIcolor+CALayer.swift"; sourceTree = "<group>"; };
		96E73D532A8CB64200901756 /* WritingViewController.swift */ = {isa = PBXFileReference; fileEncoding = 4; lastKnownFileType = sourcecode.swift; path = WritingViewController.swift; sourceTree = "<group>"; };
		BD5C76152A91FEBF00E37B85 /* DetailPopUp.swift */ = {isa = PBXFileReference; lastKnownFileType = sourcecode.swift; path = DetailPopUp.swift; sourceTree = "<group>"; };
		BD87235C2A9226D40077F9AA /* Error.swift */ = {isa = PBXFileReference; lastKnownFileType = sourcecode.swift; path = Error.swift; sourceTree = "<group>"; };
		BDFDE06F2A91EEAB006D0A52 /* Extension.swift */ = {isa = PBXFileReference; lastKnownFileType = sourcecode.swift; path = Extension.swift; sourceTree = "<group>"; };
		C069E5A32A8C6B47001C11A8 /* MyDiaryTableViewCell.swift */ = {isa = PBXFileReference; lastKnownFileType = sourcecode.swift; path = MyDiaryTableViewCell.swift; sourceTree = "<group>"; };
		C069E5E22A8CE4A4001C11A8 /* NavigationTapbar_top.swift */ = {isa = PBXFileReference; fileEncoding = 4; lastKnownFileType = sourcecode.swift; path = NavigationTapbar_top.swift; sourceTree = "<group>"; };
		DC7881992A8A062600FAFBD8 /* DetailViewController.swift */ = {isa = PBXFileReference; lastKnownFileType = sourcecode.swift; path = DetailViewController.swift; sourceTree = "<group>"; };
		DC78819B2A8A064100FAFBD8 /* MainPageViewController.swift */ = {isa = PBXFileReference; lastKnownFileType = sourcecode.swift; path = MainPageViewController.swift; sourceTree = "<group>"; };
		DC78819F2A8A06AA00FAFBD8 /* EditProfileViewController.swift */ = {isa = PBXFileReference; lastKnownFileType = sourcecode.swift; path = EditProfileViewController.swift; sourceTree = "<group>"; };
		DCD318CF2A8F126C00964631 /* ProfileViewController.swift */ = {isa = PBXFileReference; fileEncoding = 4; lastKnownFileType = sourcecode.swift; path = ProfileViewController.swift; sourceTree = "<group>"; };
		DCD579122A8E535D005B3001 /* Data.swift */ = {isa = PBXFileReference; fileEncoding = 4; lastKnownFileType = sourcecode.swift; path = Data.swift; sourceTree = "<group>"; };
/* End PBXFileReference section */

/* Begin PBXFrameworksBuildPhase section */
		63A531B62A89E4D1001DFF71 /* Frameworks */ = {
			isa = PBXFrameworksBuildPhase;
			buildActionMask = 2147483647;
			files = (
			);
			runOnlyForDeploymentPostprocessing = 0;
		};
/* End PBXFrameworksBuildPhase section */

/* Begin PBXGroup section */
		63A531B02A89E4D1001DFF71 = {
			isa = PBXGroup;
			children = (
				63A531BB2A89E4D1001DFF71 /* nagaGrinGirinGrim */,
				63A531BA2A89E4D1001DFF71 /* Products */,
			);
			sourceTree = "<group>";
		};
		63A531BA2A89E4D1001DFF71 /* Products */ = {
			isa = PBXGroup;
			children = (
				63A531B92A89E4D1001DFF71 /* nagaGrinGirinGrim.app */,
			);
			name = Products;
			sourceTree = "<group>";
		};
		63A531BB2A89E4D1001DFF71 /* nagaGrinGirinGrim */ = {
			isa = PBXGroup;
			children = (
				63A531BC2A89E4D1001DFF71 /* AppDelegate.swift */,
				63A531BE2A89E4D1001DFF71 /* SceneDelegate.swift */,
				63A531C02A89E4D1001DFF71 /* ViewController.swift */,
				63A531C22A89E4D1001DFF71 /* Main.storyboard */,
				63A531C52A89E4D2001DFF71 /* Assets.xcassets */,
				63A531C72A89E4D2001DFF71 /* LaunchScreen.storyboard */,
				63A531CA2A89E4D2001DFF71 /* Info.plist */,
				DC7881992A8A062600FAFBD8 /* DetailViewController.swift */,
				BD87235C2A9226D40077F9AA /* Error.swift */,
				BD5C76152A91FEBF00E37B85 /* DetailPopUp.swift */,
				BDFDE06F2A91EEAB006D0A52 /* Extension.swift */,
				DC78819B2A8A064100FAFBD8 /* MainPageViewController.swift */,
				1F954FE62A8C7783004A1360 /* CellCustom.swift */,
				C069E5E22A8CE4A4001C11A8 /* NavigationTapbar_top.swift */,
				DC78819F2A8A06AA00FAFBD8 /* EditProfileViewController.swift */,
				C069E5A32A8C6B47001C11A8 /* MyDiaryTableViewCell.swift */,
				96E73D532A8CB64200901756 /* WritingViewController.swift */,
				DCD579122A8E535D005B3001 /* Data.swift */,
				DCD318CF2A8F126C00964631 /* ProfileViewController.swift */,
				967FD09B2A8FA5FC0017BC3F /* UIcolor+CALayer.swift */,
			);
			path = nagaGrinGirinGrim;
			sourceTree = "<group>";
		};
/* End PBXGroup section */

/* Begin PBXNativeTarget section */
		63A531B82A89E4D1001DFF71 /* nagaGrinGirinGrim */ = {
			isa = PBXNativeTarget;
			buildConfigurationList = 63A531CD2A89E4D2001DFF71 /* Build configuration list for PBXNativeTarget "nagaGrinGirinGrim" */;
			buildPhases = (
				63A531B52A89E4D1001DFF71 /* Sources */,
				63A531B62A89E4D1001DFF71 /* Frameworks */,
				63A531B72A89E4D1001DFF71 /* Resources */,
			);
			buildRules = (
			);
			dependencies = (
			);
			name = nagaGrinGirinGrim;
			productName = nagaGrinGirinGrim;
			productReference = 63A531B92A89E4D1001DFF71 /* nagaGrinGirinGrim.app */;
			productType = "com.apple.product-type.application";
		};
/* End PBXNativeTarget section */

/* Begin PBXProject section */
		63A531B12A89E4D1001DFF71 /* Project object */ = {
			isa = PBXProject;
			attributes = {
				BuildIndependentTargetsInParallel = 1;
				LastSwiftUpdateCheck = 1430;
				LastUpgradeCheck = 1430;
				TargetAttributes = {
					63A531B82A89E4D1001DFF71 = {
						CreatedOnToolsVersion = 14.3.1;
					};
				};
			};
			buildConfigurationList = 63A531B42A89E4D1001DFF71 /* Build configuration list for PBXProject "nagaGrinGirinGrim" */;
			compatibilityVersion = "Xcode 14.0";
			developmentRegion = en;
			hasScannedForEncodings = 0;
			knownRegions = (
				en,
				Base,
			);
			mainGroup = 63A531B02A89E4D1001DFF71;
			productRefGroup = 63A531BA2A89E4D1001DFF71 /* Products */;
			projectDirPath = "";
			projectRoot = "";
			targets = (
				63A531B82A89E4D1001DFF71 /* nagaGrinGirinGrim */,
			);
		};
/* End PBXProject section */

/* Begin PBXResourcesBuildPhase section */
		63A531B72A89E4D1001DFF71 /* Resources */ = {
			isa = PBXResourcesBuildPhase;
			buildActionMask = 2147483647;
			files = (
				63A531C92A89E4D2001DFF71 /* LaunchScreen.storyboard in Resources */,
				63A531C62A89E4D2001DFF71 /* Assets.xcassets in Resources */,
				63A531C42A89E4D1001DFF71 /* Main.storyboard in Resources */,
			);
			runOnlyForDeploymentPostprocessing = 0;
		};
/* End PBXResourcesBuildPhase section */

/* Begin PBXSourcesBuildPhase section */
		63A531B52A89E4D1001DFF71 /* Sources */ = {
			isa = PBXSourcesBuildPhase;
			buildActionMask = 2147483647;
			files = (
				1F954FE72A8C7783004A1360 /* CellCustom.swift in Sources */,
				DC7881A02A8A06AA00FAFBD8 /* EditProfileViewController.swift in Sources */,
				DCD318D02A8F126C00964631 /* ProfileViewController.swift in Sources */,
				63A531C12A89E4D1001DFF71 /* ViewController.swift in Sources */,
				C069E5A42A8C6B47001C11A8 /* MyDiaryTableViewCell.swift in Sources */,
				BD5C76162A91FEBF00E37B85 /* DetailPopUp.swift in Sources */,
				DCD579132A8E535D005B3001 /* Data.swift in Sources */,
				DC78819C2A8A064100FAFBD8 /* MainPageViewController.swift in Sources */,
				96E73D552A8CB64200901756 /* WritingViewController.swift in Sources */,
				63A531BD2A89E4D1001DFF71 /* AppDelegate.swift in Sources */,
				BDFDE0702A91EEAB006D0A52 /* Extension.swift in Sources */,
				967FD09C2A8FA5FC0017BC3F /* UIcolor+CALayer.swift in Sources */,
				DC78819A2A8A062600FAFBD8 /* DetailViewController.swift in Sources */,
				63A531BF2A89E4D1001DFF71 /* SceneDelegate.swift in Sources */,
				BD87235D2A9226D40077F9AA /* Error.swift in Sources */,
				C069E5E32A8CE4A4001C11A8 /* NavigationTapbar_top.swift in Sources */,
			);
			runOnlyForDeploymentPostprocessing = 0;
		};
/* End PBXSourcesBuildPhase section */

/* Begin PBXVariantGroup section */
		63A531C22A89E4D1001DFF71 /* Main.storyboard */ = {
			isa = PBXVariantGroup;
			children = (
				63A531C32A89E4D1001DFF71 /* Base */,
			);
			name = Main.storyboard;
			sourceTree = "<group>";
		};
		63A531C72A89E4D2001DFF71 /* LaunchScreen.storyboard */ = {
			isa = PBXVariantGroup;
			children = (
				63A531C82A89E4D2001DFF71 /* Base */,
			);
			name = LaunchScreen.storyboard;
			sourceTree = "<group>";
		};
/* End PBXVariantGroup section */

/* Begin XCBuildConfiguration section */
		63A531CB2A89E4D2001DFF71 /* Debug */ = {
			isa = XCBuildConfiguration;
			buildSettings = {
				ALWAYS_SEARCH_USER_PATHS = NO;
				CLANG_ANALYZER_NONNULL = YES;
				CLANG_ANALYZER_NUMBER_OBJECT_CONVERSION = YES_AGGRESSIVE;
				CLANG_CXX_LANGUAGE_STANDARD = "gnu++20";
				CLANG_ENABLE_MODULES = YES;
				CLANG_ENABLE_OBJC_ARC = YES;
				CLANG_ENABLE_OBJC_WEAK = YES;
				CLANG_WARN_BLOCK_CAPTURE_AUTORELEASING = YES;
				CLANG_WARN_BOOL_CONVERSION = YES;
				CLANG_WARN_COMMA = YES;
				CLANG_WARN_CONSTANT_CONVERSION = YES;
				CLANG_WARN_DEPRECATED_OBJC_IMPLEMENTATIONS = YES;
				CLANG_WARN_DIRECT_OBJC_ISA_USAGE = YES_ERROR;
				CLANG_WARN_DOCUMENTATION_COMMENTS = YES;
				CLANG_WARN_EMPTY_BODY = YES;
				CLANG_WARN_ENUM_CONVERSION = YES;
				CLANG_WARN_INFINITE_RECURSION = YES;
				CLANG_WARN_INT_CONVERSION = YES;
				CLANG_WARN_NON_LITERAL_NULL_CONVERSION = YES;
				CLANG_WARN_OBJC_IMPLICIT_RETAIN_SELF = YES;
				CLANG_WARN_OBJC_LITERAL_CONVERSION = YES;
				CLANG_WARN_OBJC_ROOT_CLASS = YES_ERROR;
				CLANG_WARN_QUOTED_INCLUDE_IN_FRAMEWORK_HEADER = YES;
				CLANG_WARN_RANGE_LOOP_ANALYSIS = YES;
				CLANG_WARN_STRICT_PROTOTYPES = YES;
				CLANG_WARN_SUSPICIOUS_MOVE = YES;
				CLANG_WARN_UNGUARDED_AVAILABILITY = YES_AGGRESSIVE;
				CLANG_WARN_UNREACHABLE_CODE = YES;
				CLANG_WARN__DUPLICATE_METHOD_MATCH = YES;
				COPY_PHASE_STRIP = NO;
				DEBUG_INFORMATION_FORMAT = dwarf;
				ENABLE_STRICT_OBJC_MSGSEND = YES;
				ENABLE_TESTABILITY = YES;
				GCC_C_LANGUAGE_STANDARD = gnu11;
				GCC_DYNAMIC_NO_PIC = NO;
				GCC_NO_COMMON_BLOCKS = YES;
				GCC_OPTIMIZATION_LEVEL = 0;
				GCC_PREPROCESSOR_DEFINITIONS = (
					"DEBUG=1",
					"$(inherited)",
				);
				GCC_WARN_64_TO_32_BIT_CONVERSION = YES;
				GCC_WARN_ABOUT_RETURN_TYPE = YES_ERROR;
				GCC_WARN_UNDECLARED_SELECTOR = YES;
				GCC_WARN_UNINITIALIZED_AUTOS = YES_AGGRESSIVE;
				GCC_WARN_UNUSED_FUNCTION = YES;
				GCC_WARN_UNUSED_VARIABLE = YES;
				IPHONEOS_DEPLOYMENT_TARGET = 16.4;
				MTL_ENABLE_DEBUG_INFO = INCLUDE_SOURCE;
				MTL_FAST_MATH = YES;
				ONLY_ACTIVE_ARCH = YES;
				SDKROOT = iphoneos;
				SWIFT_ACTIVE_COMPILATION_CONDITIONS = DEBUG;
				SWIFT_OPTIMIZATION_LEVEL = "-Onone";
			};
			name = Debug;
		};
		63A531CC2A89E4D2001DFF71 /* Release */ = {
			isa = XCBuildConfiguration;
			buildSettings = {
				ALWAYS_SEARCH_USER_PATHS = NO;
				CLANG_ANALYZER_NONNULL = YES;
				CLANG_ANALYZER_NUMBER_OBJECT_CONVERSION = YES_AGGRESSIVE;
				CLANG_CXX_LANGUAGE_STANDARD = "gnu++20";
				CLANG_ENABLE_MODULES = YES;
				CLANG_ENABLE_OBJC_ARC = YES;
				CLANG_ENABLE_OBJC_WEAK = YES;
				CLANG_WARN_BLOCK_CAPTURE_AUTORELEASING = YES;
				CLANG_WARN_BOOL_CONVERSION = YES;
				CLANG_WARN_COMMA = YES;
				CLANG_WARN_CONSTANT_CONVERSION = YES;
				CLANG_WARN_DEPRECATED_OBJC_IMPLEMENTATIONS = YES;
				CLANG_WARN_DIRECT_OBJC_ISA_USAGE = YES_ERROR;
				CLANG_WARN_DOCUMENTATION_COMMENTS = YES;
				CLANG_WARN_EMPTY_BODY = YES;
				CLANG_WARN_ENUM_CONVERSION = YES;
				CLANG_WARN_INFINITE_RECURSION = YES;
				CLANG_WARN_INT_CONVERSION = YES;
				CLANG_WARN_NON_LITERAL_NULL_CONVERSION = YES;
				CLANG_WARN_OBJC_IMPLICIT_RETAIN_SELF = YES;
				CLANG_WARN_OBJC_LITERAL_CONVERSION = YES;
				CLANG_WARN_OBJC_ROOT_CLASS = YES_ERROR;
				CLANG_WARN_QUOTED_INCLUDE_IN_FRAMEWORK_HEADER = YES;
				CLANG_WARN_RANGE_LOOP_ANALYSIS = YES;
				CLANG_WARN_STRICT_PROTOTYPES = YES;
				CLANG_WARN_SUSPICIOUS_MOVE = YES;
				CLANG_WARN_UNGUARDED_AVAILABILITY = YES_AGGRESSIVE;
				CLANG_WARN_UNREACHABLE_CODE = YES;
				CLANG_WARN__DUPLICATE_METHOD_MATCH = YES;
				COPY_PHASE_STRIP = NO;
				DEBUG_INFORMATION_FORMAT = "dwarf-with-dsym";
				ENABLE_NS_ASSERTIONS = NO;
				ENABLE_STRICT_OBJC_MSGSEND = YES;
				GCC_C_LANGUAGE_STANDARD = gnu11;
				GCC_NO_COMMON_BLOCKS = YES;
				GCC_WARN_64_TO_32_BIT_CONVERSION = YES;
				GCC_WARN_ABOUT_RETURN_TYPE = YES_ERROR;
				GCC_WARN_UNDECLARED_SELECTOR = YES;
				GCC_WARN_UNINITIALIZED_AUTOS = YES_AGGRESSIVE;
				GCC_WARN_UNUSED_FUNCTION = YES;
				GCC_WARN_UNUSED_VARIABLE = YES;
				IPHONEOS_DEPLOYMENT_TARGET = 16.4;
				MTL_ENABLE_DEBUG_INFO = NO;
				MTL_FAST_MATH = YES;
				SDKROOT = iphoneos;
				SWIFT_COMPILATION_MODE = wholemodule;
				SWIFT_OPTIMIZATION_LEVEL = "-O";
				VALIDATE_PRODUCT = YES;
			};
			name = Release;
		};
		63A531CE2A89E4D2001DFF71 /* Debug */ = {
			isa = XCBuildConfiguration;
			buildSettings = {
				ASSETCATALOG_COMPILER_APPICON_NAME = AppIcon;
				ASSETCATALOG_COMPILER_GLOBAL_ACCENT_COLOR_NAME = AccentColor;
				CODE_SIGN_STYLE = Automatic;
				CURRENT_PROJECT_VERSION = 1;
				DEVELOPMENT_TEAM = TR9T3ND2HH;
				GENERATE_INFOPLIST_FILE = YES;
				INFOPLIST_FILE = nagaGrinGirinGrim/Info.plist;
				INFOPLIST_KEY_UIApplicationSupportsIndirectInputEvents = YES;
				INFOPLIST_KEY_UILaunchStoryboardName = LaunchScreen;
				INFOPLIST_KEY_UIMainStoryboardFile = Main;
				INFOPLIST_KEY_UISupportedInterfaceOrientations_iPad = "UIInterfaceOrientationPortrait UIInterfaceOrientationPortraitUpsideDown UIInterfaceOrientationLandscapeLeft UIInterfaceOrientationLandscapeRight";
				INFOPLIST_KEY_UISupportedInterfaceOrientations_iPhone = "UIInterfaceOrientationPortrait UIInterfaceOrientationLandscapeLeft UIInterfaceOrientationLandscapeRight";
				LD_RUNPATH_SEARCH_PATHS = (
					"$(inherited)",
					"@executable_path/Frameworks",
				);
				MARKETING_VERSION = 1.0;
				PRODUCT_BUNDLE_IDENTIFIER = doyeonyyy.nagaGrinGirinGrim;
				PRODUCT_NAME = "$(TARGET_NAME)";
				SWIFT_EMIT_LOC_STRINGS = YES;
				SWIFT_VERSION = 5.0;
				TARGETED_DEVICE_FAMILY = "1,2";
			};
			name = Debug;
		};
		63A531CF2A89E4D2001DFF71 /* Release */ = {
			isa = XCBuildConfiguration;
			buildSettings = {
				ASSETCATALOG_COMPILER_APPICON_NAME = AppIcon;
				ASSETCATALOG_COMPILER_GLOBAL_ACCENT_COLOR_NAME = AccentColor;
				CODE_SIGN_STYLE = Automatic;
				CURRENT_PROJECT_VERSION = 1;
				DEVELOPMENT_TEAM = TR9T3ND2HH;
				GENERATE_INFOPLIST_FILE = YES;
				INFOPLIST_FILE = nagaGrinGirinGrim/Info.plist;
				INFOPLIST_KEY_UIApplicationSupportsIndirectInputEvents = YES;
				INFOPLIST_KEY_UILaunchStoryboardName = LaunchScreen;
				INFOPLIST_KEY_UIMainStoryboardFile = Main;
				INFOPLIST_KEY_UISupportedInterfaceOrientations_iPad = "UIInterfaceOrientationPortrait UIInterfaceOrientationPortraitUpsideDown UIInterfaceOrientationLandscapeLeft UIInterfaceOrientationLandscapeRight";
				INFOPLIST_KEY_UISupportedInterfaceOrientations_iPhone = "UIInterfaceOrientationPortrait UIInterfaceOrientationLandscapeLeft UIInterfaceOrientationLandscapeRight";
				LD_RUNPATH_SEARCH_PATHS = (
					"$(inherited)",
					"@executable_path/Frameworks",
				);
				MARKETING_VERSION = 1.0;
				PRODUCT_BUNDLE_IDENTIFIER = doyeonyyy.nagaGrinGirinGrim;
				PRODUCT_NAME = "$(TARGET_NAME)";
				SWIFT_EMIT_LOC_STRINGS = YES;
				SWIFT_VERSION = 5.0;
				TARGETED_DEVICE_FAMILY = "1,2";
			};
			name = Release;
		};
/* End XCBuildConfiguration section */

/* Begin XCConfigurationList section */
		63A531B42A89E4D1001DFF71 /* Build configuration list for PBXProject "nagaGrinGirinGrim" */ = {
			isa = XCConfigurationList;
			buildConfigurations = (
				63A531CB2A89E4D2001DFF71 /* Debug */,
				63A531CC2A89E4D2001DFF71 /* Release */,
			);
			defaultConfigurationIsVisible = 0;
			defaultConfigurationName = Release;
		};
		63A531CD2A89E4D2001DFF71 /* Build configuration list for PBXNativeTarget "nagaGrinGirinGrim" */ = {
			isa = XCConfigurationList;
			buildConfigurations = (
				63A531CE2A89E4D2001DFF71 /* Debug */,
				63A531CF2A89E4D2001DFF71 /* Release */,
			);
			defaultConfigurationIsVisible = 0;
			defaultConfigurationName = Release;
		};
/* End XCConfigurationList section */
	};
	rootObject = 63A531B12A89E4D1001DFF71 /* Project object */;
}
